Microsoft Visual Studio Solution File, Format Version 11.00
# Visual Studio 2008

Project("{1A9696E6-2AC1-7810-F459-30EA61E6128E}") = "Capture the Flag", "Assembly-CSharp.csproj", "{2B305FBE-6FCC-1E81-65C0-9857299EDE00}"
EndProject
Global
	GlobalSection(SolutionConfigurationPlatforms) = preSolution
		Debug|Any CPU = Debug|Any CPU
		Release|Any CPU = Release|Any CPU
	EndGlobalSection
	GlobalSection(ProjectConfigurationPlatforms) = postSolution
		{2B305FBE-6FCC-1E81-65C0-9857299EDE00}.Debug|Any CPU.ActiveCfg = Debug|Any CPU
		{2B305FBE-6FCC-1E81-65C0-9857299EDE00}.Debug|Any CPU.Build.0 = Debug|Any CPU
		{2B305FBE-6FCC-1E81-65C0-9857299EDE00}.Release|Any CPU.ActiveCfg = Release|Any CPU
		{2B305FBE-6FCC-1E81-65C0-9857299EDE00}.Release|Any CPU.Build.0 = Release|Any CPU
	EndGlobalSection
	GlobalSection(SolutionProperties) = preSolution
		HideSolutionNode = FALSE
	EndGlobalSection
	GlobalSection(MonoDevelopProperties) = preSolution
		StartupItem = Assembly-CSharp.csproj
	EndGlobalSection
EndGlobal
